
Microsoft Visual Studio Solution File, Format Version 12.00
# Visual Studio Version 17
VisualStudioVersion = 17.9.34714.143
MinimumVisualStudioVersion = 10.0.40219.1
Project("{FAE04EC0-301F-11D3-BF4B-00C04F79EFBC}") = "Colas-Tarea1", "Colas-Tarea1.csproj", "{8141F90C-B298-428E-B553-715F8C124794}"
EndProject
Global
	GlobalSection(SolutionConfigurationPlatforms) = preSolution
		Debug|Any CPU = Debug|Any CPU
		Release|Any CPU = Release|Any CPU
	EndGlobalSection
	GlobalSection(ProjectConfigurationPlatforms) = postSolution
		{8141F90C-B298-428E-B553-715F8C124794}.Debug|Any CPU.ActiveCfg = Debug|Any CPU
		{8141F90C-B298-428E-B553-715F8C124794}.Debug|Any CPU.Build.0 = Debug|Any CPU
		{8141F90C-B298-428E-B553-715F8C124794}.Release|Any CPU.ActiveCfg = Release|Any CPU
		{8141F90C-B298-428E-B553-715F8C124794}.Release|Any CPU.Build.0 = Release|Any CPU
	EndGlobalSection
	GlobalSection(SolutionProperties) = preSolution
		HideSolutionNode = FALSE
	EndGlobalSection
	GlobalSection(ExtensibilityGlobals) = postSolution
		SolutionGuid = {DA1A74FA-C2E6-49D2-A03A-7B867796E3CB}
	EndGlobalSection
EndGlobal
